
Microsoft Visual Studio Solution File, Format Version 12.00
# Visual Studio Version 17
Project("{8BC9CEB8-8B4A-11D0-8D11-00A0C91BC942}") = "ALL_BUILD", "ALL_BUILD.vcxproj", "{BEA70B54-BFCB-3E5A-A99D-DF9D6DB81545}"
	ProjectSection(ProjectDependencies) = postProject
		{B06DC4B9-B3BF-32D6-B9F2-448CF7CFE459} = {B06DC4B9-B3BF-32D6-B9F2-448CF7CFE459}
		{D52CE4AF-0F7E-39E2-954D-37A65566B9BE} = {D52CE4AF-0F7E-39E2-954D-37A65566B9BE}
		{B0AFC3E2-A133-3F0F-85A3-A60B4826EAA3} = {B0AFC3E2-A133-3F0F-85A3-A60B4826EAA3}
		{DBEBFC2E-5132-369D-BD0B-86EF925AB990} = {DBEBFC2E-5132-369D-BD0B-86EF925AB990}
		{53AD807A-6520-3CCB-84A7-79065A9B6AA4} = {53AD807A-6520-3CCB-84A7-79065A9B6AA4}
		{EA6996D3-CCB6-3930-A862-51E11B9669C9} = {EA6996D3-CCB6-3930-A862-51E11B9669C9}
		{F49D428F-2AD4-3C70-9CDD-36956A15B778} = {F49D428F-2AD4-3C70-9CDD-36956A15B778}
		{2B0E5665-8168-3A13-AFB8-D3FAB4860A23} = {2B0E5665-8168-3A13-AFB8-D3FAB4860A23}
	EndProjectSection
EndProject
Project("{8BC9CEB8-8B4A-11D0-8D11-00A0C91BC942}") = "INSTALL", "INSTALL.vcxproj", "{864C6822-10C5-3E02-9BFF-1921E1573C44}"
	ProjectSection(ProjectDependencies) = postProject
		{BEA70B54-BFCB-3E5A-A99D-DF9D6DB81545} = {BEA70B54-BFCB-3E5A-A99D-DF9D6DB81545}
		{DBEBFC2E-5132-369D-BD0B-86EF925AB990} = {DBEBFC2E-5132-369D-BD0B-86EF925AB990}
	EndProjectSection
EndProject
Project("{8BC9CEB8-8B4A-11D0-8D11-00A0C91BC942}") = "RUN_TESTS", "RUN_TESTS.vcxproj", "{7A25A18F-02BF-35D4-9D31-029FF9A5314A}"
	ProjectSection(ProjectDependencies) = postProject
		{DBEBFC2E-5132-369D-BD0B-86EF925AB990} = {DBEBFC2E-5132-369D-BD0B-86EF925AB990}
	EndProjectSection
EndProject
Project("{8BC9CEB8-8B4A-11D0-8D11-00A0C91BC942}") = "RenderTests", "RenderTests.vcxproj", "{B06DC4B9-B3BF-32D6-B9F2-448CF7CFE459}"
	ProjectSection(ProjectDependencies) = postProject
		{D52CE4AF-0F7E-39E2-954D-37A65566B9BE} = {D52CE4AF-0F7E-39E2-954D-37A65566B9BE}
		{DBEBFC2E-5132-369D-BD0B-86EF925AB990} = {DBEBFC2E-5132-369D-BD0B-86EF925AB990}
		{F49D428F-2AD4-3C70-9CDD-36956A15B778} = {F49D428F-2AD4-3C70-9CDD-36956A15B778}
		{2B0E5665-8168-3A13-AFB8-D3FAB4860A23} = {2B0E5665-8168-3A13-AFB8-D3FAB4860A23}
	EndProjectSection
EndProject
Project("{8BC9CEB8-8B4A-11D0-8D11-00A0C91BC942}") = "TurtleEngine", "TurtleEngine.vcxproj", "{D52CE4AF-0F7E-39E2-954D-37A65566B9BE}"
	ProjectSection(ProjectDependencies) = postProject
		{DBEBFC2E-5132-369D-BD0B-86EF925AB990} = {DBEBFC2E-5132-369D-BD0B-86EF925AB990}
	EndProjectSection
EndProject
Project("{8BC9CEB8-8B4A-11D0-8D11-00A0C91BC942}") = "TurtleEngineApp", "TurtleEngineApp.vcxproj", "{B0AFC3E2-A133-3F0F-85A3-A60B4826EAA3}"
	ProjectSection(ProjectDependencies) = postProject
		{D52CE4AF-0F7E-39E2-954D-37A65566B9BE} = {D52CE4AF-0F7E-39E2-954D-37A65566B9BE}
		{DBEBFC2E-5132-369D-BD0B-86EF925AB990} = {DBEBFC2E-5132-369D-BD0B-86EF925AB990}
	EndProjectSection
EndProject
Project("{8BC9CEB8-8B4A-11D0-8D11-00A0C91BC942}") = "ZERO_CHECK", "ZERO_CHECK.vcxproj", "{DBEBFC2E-5132-369D-BD0B-86EF925AB990}"
	ProjectSection(ProjectDependencies) = postProject
	EndProjectSection
EndProject
Project("{8BC9CEB8-8B4A-11D0-8D11-00A0C91BC942}") = "gmock", "deps\googletest\googlemock\gmock.vcxproj", "{53AD807A-6520-3CCB-84A7-79065A9B6AA4}"
	ProjectSection(ProjectDependencies) = postProject
		{DBEBFC2E-5132-369D-BD0B-86EF925AB990} = {DBEBFC2E-5132-369D-BD0B-86EF925AB990}
	EndProjectSection
EndProject
Project("{8BC9CEB8-8B4A-11D0-8D11-00A0C91BC942}") = "gmock_main", "deps\googletest\googlemock\gmock_main.vcxproj", "{EA6996D3-CCB6-3930-A862-51E11B9669C9}"
	ProjectSection(ProjectDependencies) = postProject
		{DBEBFC2E-5132-369D-BD0B-86EF925AB990} = {DBEBFC2E-5132-369D-BD0B-86EF925AB990}
	EndProjectSection
EndProject
Project("{8BC9CEB8-8B4A-11D0-8D11-00A0C91BC942}") = "gtest", "deps\googletest\googletest\gtest.vcxproj", "{F49D428F-2AD4-3C70-9CDD-36956A15B778}"
	ProjectSection(ProjectDependencies) = postProject
		{DBEBFC2E-5132-369D-BD0B-86EF925AB990} = {DBEBFC2E-5132-369D-BD0B-86EF925AB990}
	EndProjectSection
EndProject
Project("{8BC9CEB8-8B4A-11D0-8D11-00A0C91BC942}") = "gtest_main", "deps\googletest\googletest\gtest_main.vcxproj", "{2B0E5665-8168-3A13-AFB8-D3FAB4860A23}"
	ProjectSection(ProjectDependencies) = postProject
		{DBEBFC2E-5132-369D-BD0B-86EF925AB990} = {DBEBFC2E-5132-369D-BD0B-86EF925AB990}
		{F49D428F-2AD4-3C70-9CDD-36956A15B778} = {F49D428F-2AD4-3C70-9CDD-36956A15B778}
	EndProjectSection
EndProject
Global
	GlobalSection(SolutionConfigurationPlatforms) = preSolution
		Debug|x64 = Debug|x64
		Release|x64 = Release|x64
		MinSizeRel|x64 = MinSizeRel|x64
		RelWithDebInfo|x64 = RelWithDebInfo|x64
	EndGlobalSection
	GlobalSection(ProjectConfigurationPlatforms) = postSolution
		{BEA70B54-BFCB-3E5A-A99D-DF9D6DB81545}.Debug|x64.ActiveCfg = Debug|x64
		{BEA70B54-BFCB-3E5A-A99D-DF9D6DB81545}.Debug|x64.Build.0 = Debug|x64
		{BEA70B54-BFCB-3E5A-A99D-DF9D6DB81545}.Release|x64.ActiveCfg = Release|x64
		{BEA70B54-BFCB-3E5A-A99D-DF9D6DB81545}.Release|x64.Build.0 = Release|x64
		{BEA70B54-BFCB-3E5A-A99D-DF9D6DB81545}.MinSizeRel|x64.ActiveCfg = MinSizeRel|x64
		{BEA70B54-BFCB-3E5A-A99D-DF9D6DB81545}.MinSizeRel|x64.Build.0 = MinSizeRel|x64
		{BEA70B54-BFCB-3E5A-A99D-DF9D6DB81545}.RelWithDebInfo|x64.ActiveCfg = RelWithDebInfo|x64
		{BEA70B54-BFCB-3E5A-A99D-DF9D6DB81545}.RelWithDebInfo|x64.Build.0 = RelWithDebInfo|x64
		{864C6822-10C5-3E02-9BFF-1921E1573C44}.Debug|x64.ActiveCfg = Debug|x64
		{864C6822-10C5-3E02-9BFF-1921E1573C44}.Release|x64.ActiveCfg = Release|x64
		{864C6822-10C5-3E02-9BFF-1921E1573C44}.MinSizeRel|x64.ActiveCfg = MinSizeRel|x64
		{864C6822-10C5-3E02-9BFF-1921E1573C44}.RelWithDebInfo|x64.ActiveCfg = RelWithDebInfo|x64
		{7A25A18F-02BF-35D4-9D31-029FF9A5314A}.Debug|x64.ActiveCfg = Debug|x64
		{7A25A18F-02BF-35D4-9D31-029FF9A5314A}.Release|x64.ActiveCfg = Release|x64
		{7A25A18F-02BF-35D4-9D31-029FF9A5314A}.MinSizeRel|x64.ActiveCfg = MinSizeRel|x64
		{7A25A18F-02BF-35D4-9D31-029FF9A5314A}.RelWithDebInfo|x64.ActiveCfg = RelWithDebInfo|x64
		{B06DC4B9-B3BF-32D6-B9F2-448CF7CFE459}.Debug|x64.ActiveCfg = Debug|x64
		{B06DC4B9-B3BF-32D6-B9F2-448CF7CFE459}.Debug|x64.Build.0 = Debug|x64
		{B06DC4B9-B3BF-32D6-B9F2-448CF7CFE459}.Release|x64.ActiveCfg = Release|x64
		{B06DC4B9-B3BF-32D6-B9F2-448CF7CFE459}.Release|x64.Build.0 = Release|x64
		{B06DC4B9-B3BF-32D6-B9F2-448CF7CFE459}.MinSizeRel|x64.ActiveCfg = MinSizeRel|x64
		{B06DC4B9-B3BF-32D6-B9F2-448CF7CFE459}.MinSizeRel|x64.Build.0 = MinSizeRel|x64
		{B06DC4B9-B3BF-32D6-B9F2-448CF7CFE459}.RelWithDebInfo|x64.ActiveCfg = RelWithDebInfo|x64
		{B06DC4B9-B3BF-32D6-B9F2-448CF7CFE459}.RelWithDebInfo|x64.Build.0 = RelWithDebInfo|x64
		{D52CE4AF-0F7E-39E2-954D-37A65566B9BE}.Debug|x64.ActiveCfg = Debug|x64
		{D52CE4AF-0F7E-39E2-954D-37A65566B9BE}.Debug|x64.Build.0 = Debug|x64
		{D52CE4AF-0F7E-39E2-954D-37A65566B9BE}.Release|x64.ActiveCfg = Release|x64
		{D52CE4AF-0F7E-39E2-954D-37A65566B9BE}.Release|x64.Build.0 = Release|x64
		{D52CE4AF-0F7E-39E2-954D-37A65566B9BE}.MinSizeRel|x64.ActiveCfg = MinSizeRel|x64
		{D52CE4AF-0F7E-39E2-954D-37A65566B9BE}.MinSizeRel|x64.Build.0 = MinSizeRel|x64
		{D52CE4AF-0F7E-39E2-954D-37A65566B9BE}.RelWithDebInfo|x64.ActiveCfg = RelWithDebInfo|x64
		{D52CE4AF-0F7E-39E2-954D-37A65566B9BE}.RelWithDebInfo|x64.Build.0 = RelWithDebInfo|x64
		{B0AFC3E2-A133-3F0F-85A3-A60B4826EAA3}.Debug|x64.ActiveCfg = Debug|x64
		{B0AFC3E2-A133-3F0F-85A3-A60B4826EAA3}.Debug|x64.Build.0 = Debug|x64
		{B0AFC3E2-A133-3F0F-85A3-A60B4826EAA3}.Release|x64.ActiveCfg = Release|x64
		{B0AFC3E2-A133-3F0F-85A3-A60B4826EAA3}.Release|x64.Build.0 = Release|x64
		{B0AFC3E2-A133-3F0F-85A3-A60B4826EAA3}.MinSizeRel|x64.ActiveCfg = MinSizeRel|x64
		{B0AFC3E2-A133-3F0F-85A3-A60B4826EAA3}.MinSizeRel|x64.Build.0 = MinSizeRel|x64
		{B0AFC3E2-A133-3F0F-85A3-A60B4826EAA3}.RelWithDebInfo|x64.ActiveCfg = RelWithDebInfo|x64
		{B0AFC3E2-A133-3F0F-85A3-A60B4826EAA3}.RelWithDebInfo|x64.Build.0 = RelWithDebInfo|x64
		{DBEBFC2E-5132-369D-BD0B-86EF925AB990}.Debug|x64.ActiveCfg = Debug|x64
		{DBEBFC2E-5132-369D-BD0B-86EF925AB990}.Debug|x64.Build.0 = Debug|x64
		{DBEBFC2E-5132-369D-BD0B-86EF925AB990}.Release|x64.ActiveCfg = Release|x64
		{DBEBFC2E-5132-369D-BD0B-86EF925AB990}.Release|x64.Build.0 = Release|x64
		{DBEBFC2E-5132-369D-BD0B-86EF925AB990}.MinSizeRel|x64.ActiveCfg = MinSizeRel|x64
		{DBEBFC2E-5132-369D-BD0B-86EF925AB990}.MinSizeRel|x64.Build.0 = MinSizeRel|x64
		{DBEBFC2E-5132-369D-BD0B-86EF925AB990}.RelWithDebInfo|x64.ActiveCfg = RelWithDebInfo|x64
		{DBEBFC2E-5132-369D-BD0B-86EF925AB990}.RelWithDebInfo|x64.Build.0 = RelWithDebInfo|x64
		{53AD807A-6520-3CCB-84A7-79065A9B6AA4}.Debug|x64.ActiveCfg = Debug|x64
		{53AD807A-6520-3CCB-84A7-79065A9B6AA4}.Debug|x64.Build.0 = Debug|x64
		{53AD807A-6520-3CCB-84A7-79065A9B6AA4}.Release|x64.ActiveCfg = Release|x64
		{53AD807A-6520-3CCB-84A7-79065A9B6AA4}.Release|x64.Build.0 = Release|x64
		{53AD807A-6520-3CCB-84A7-79065A9B6AA4}.MinSizeRel|x64.ActiveCfg = MinSizeRel|x64
		{53AD807A-6520-3CCB-84A7-79065A9B6AA4}.MinSizeRel|x64.Build.0 = MinSizeRel|x64
		{53AD807A-6520-3CCB-84A7-79065A9B6AA4}.RelWithDebInfo|x64.ActiveCfg = RelWithDebInfo|x64
		{53AD807A-6520-3CCB-84A7-79065A9B6AA4}.RelWithDebInfo|x64.Build.0 = RelWithDebInfo|x64
		{EA6996D3-CCB6-3930-A862-51E11B9669C9}.Debug|x64.ActiveCfg = Debug|x64
		{EA6996D3-CCB6-3930-A862-51E11B9669C9}.Debug|x64.Build.0 = Debug|x64
		{EA6996D3-CCB6-3930-A862-51E11B9669C9}.Release|x64.ActiveCfg = Release|x64
		{EA6996D3-CCB6-3930-A862-51E11B9669C9}.Release|x64.Build.0 = Release|x64
		{EA6996D3-CCB6-3930-A862-51E11B9669C9}.MinSizeRel|x64.ActiveCfg = MinSizeRel|x64
		{EA6996D3-CCB6-3930-A862-51E11B9669C9}.MinSizeRel|x64.Build.0 = MinSizeRel|x64
		{EA6996D3-CCB6-3930-A862-51E11B9669C9}.RelWithDebInfo|x64.ActiveCfg = RelWithDebInfo|x64
		{EA6996D3-CCB6-3930-A862-51E11B9669C9}.RelWithDebInfo|x64.Build.0 = RelWithDebInfo|x64
		{F49D428F-2AD4-3C70-9CDD-36956A15B778}.Debug|x64.ActiveCfg = Debug|x64
		{F49D428F-2AD4-3C70-9CDD-36956A15B778}.Debug|x64.Build.0 = Debug|x64
		{F49D428F-2AD4-3C70-9CDD-36956A15B778}.Release|x64.ActiveCfg = Release|x64
		{F49D428F-2AD4-3C70-9CDD-36956A15B778}.Release|x64.Build.0 = Release|x64
		{F49D428F-2AD4-3C70-9CDD-36956A15B778}.MinSizeRel|x64.ActiveCfg = MinSizeRel|x64
		{F49D428F-2AD4-3C70-9CDD-36956A15B778}.MinSizeRel|x64.Build.0 = MinSizeRel|x64
		{F49D428F-2AD4-3C70-9CDD-36956A15B778}.RelWithDebInfo|x64.ActiveCfg = RelWithDebInfo|x64
		{F49D428F-2AD4-3C70-9CDD-36956A15B778}.RelWithDebInfo|x64.Build.0 = RelWithDebInfo|x64
		{2B0E5665-8168-3A13-AFB8-D3FAB4860A23}.Debug|x64.ActiveCfg = Debug|x64
		{2B0E5665-8168-3A13-AFB8-D3FAB4860A23}.Debug|x64.Build.0 = Debug|x64
		{2B0E5665-8168-3A13-AFB8-D3FAB4860A23}.Release|x64.ActiveCfg = Release|x64
		{2B0E5665-8168-3A13-AFB8-D3FAB4860A23}.Release|x64.Build.0 = Release|x64
		{2B0E5665-8168-3A13-AFB8-D3FAB4860A23}.MinSizeRel|x64.ActiveCfg = MinSizeRel|x64
		{2B0E5665-8168-3A13-AFB8-D3FAB4860A23}.MinSizeRel|x64.Build.0 = MinSizeRel|x64
		{2B0E5665-8168-3A13-AFB8-D3FAB4860A23}.RelWithDebInfo|x64.ActiveCfg = RelWithDebInfo|x64
		{2B0E5665-8168-3A13-AFB8-D3FAB4860A23}.RelWithDebInfo|x64.Build.0 = RelWithDebInfo|x64
	EndGlobalSection
	GlobalSection(ExtensibilityGlobals) = postSolution
		SolutionGuid = {6BDD75C0-100E-3934-A3F8-BC5CE226F8BC}
	EndGlobalSection
	GlobalSection(ExtensibilityAddIns) = postSolution
	EndGlobalSection
EndGlobal
